
Microsoft Visual Studio Solution File, Format Version 12.00
# Visual Studio Version 17
VisualStudioVersion = 17.4.33122.133
MinimumVisualStudioVersion = 10.0.40219.1
Project("{FAE04EC0-301F-11D3-BF4B-00C04F79EFBC}") = "diffEqSolver", "diffEqSolver\diffEqSolver.csproj", "{450A9F9C-D772-4DE9-B0DD-D8659BB58D3B}"
EndProject
Global
	GlobalSection(SolutionConfigurationPlatforms) = preSolution
		Debug|Any CPU = Debug|Any CPU
		Release|Any CPU = Release|Any CPU
	EndGlobalSection
	GlobalSection(ProjectConfigurationPlatforms) = postSolution
		{450A9F9C-D772-4DE9-B0DD-D8659BB58D3B}.Debug|Any CPU.ActiveCfg = Debug|Any CPU
		{450A9F9C-D772-4DE9-B0DD-D8659BB58D3B}.Debug|Any CPU.Build.0 = Debug|Any CPU
		{450A9F9C-D772-4DE9-B0DD-D8659BB58D3B}.Release|Any CPU.ActiveCfg = Release|Any CPU
		{450A9F9C-D772-4DE9-B0DD-D8659BB58D3B}.Release|Any CPU.Build.0 = Release|Any CPU
	EndGlobalSection
	GlobalSection(SolutionProperties) = preSolution
		HideSolutionNode = FALSE
	EndGlobalSection
	GlobalSection(ExtensibilityGlobals) = postSolution
		SolutionGuid = {8045AF68-B451-4D4A-9D95-47510BFF55BB}
	EndGlobalSection
EndGlobal
